
Microsoft Visual Studio Solution File, Format Version 12.00
# Visual Studio Version 17
VisualStudioVersion = 17.14.36408.4
MinimumVisualStudioVersion = 10.0.40219.1
Project("{FAE04EC0-301F-11D3-BF4B-00C04F79EFBC}") = "StudioStatistic", "Mitrofanov\StudioStatistic.csproj", "{7A75EF61-DF7A-46C0-8533-E2D5DA5624B3}"
EndProject
Project("{FAE04EC0-301F-11D3-BF4B-00C04F79EFBC}") = "StudioStatistic.Tests", "StudioStatistic.Tests\StudioStatistic.Tests.csproj", "{7DCC490D-686A-4785-9AEC-170147A5ED23}"
EndProject
Project("{FAE04EC0-301F-11D3-BF4B-00C04F79EFBC}") = "StudioStatistic.Client", "StudioStatistic.Client\StudioStatistic.Client.csproj", "{CBA16D40-293A-44A4-8012-C66FB9F8CADE}"
EndProject
Global
	GlobalSection(SolutionConfigurationPlatforms) = preSolution
		Debug|Any CPU = Debug|Any CPU
		Release|Any CPU = Release|Any CPU
	EndGlobalSection
	GlobalSection(ProjectConfigurationPlatforms) = postSolution
		{7A75EF61-DF7A-46C0-8533-E2D5DA5624B3}.Debug|Any CPU.ActiveCfg = Debug|Any CPU
		{7A75EF61-DF7A-46C0-8533-E2D5DA5624B3}.Debug|Any CPU.Build.0 = Debug|Any CPU
		{7A75EF61-DF7A-46C0-8533-E2D5DA5624B3}.Release|Any CPU.ActiveCfg = Release|Any CPU
		{7A75EF61-DF7A-46C0-8533-E2D5DA5624B3}.Release|Any CPU.Build.0 = Release|Any CPU
		{7DCC490D-686A-4785-9AEC-170147A5ED23}.Debug|Any CPU.ActiveCfg = Debug|Any CPU
		{7DCC490D-686A-4785-9AEC-170147A5ED23}.Debug|Any CPU.Build.0 = Debug|Any CPU
		{7DCC490D-686A-4785-9AEC-170147A5ED23}.Release|Any CPU.ActiveCfg = Release|Any CPU
		{7DCC490D-686A-4785-9AEC-170147A5ED23}.Release|Any CPU.Build.0 = Release|Any CPU
		{CBA16D40-293A-44A4-8012-C66FB9F8CADE}.Debug|Any CPU.ActiveCfg = Debug|Any CPU
		{CBA16D40-293A-44A4-8012-C66FB9F8CADE}.Debug|Any CPU.Build.0 = Debug|Any CPU
		{CBA16D40-293A-44A4-8012-C66FB9F8CADE}.Release|Any CPU.ActiveCfg = Release|Any CPU
		{CBA16D40-293A-44A4-8012-C66FB9F8CADE}.Release|Any CPU.Build.0 = Release|Any CPU
	EndGlobalSection
	GlobalSection(SolutionProperties) = preSolution
		HideSolutionNode = FALSE
	EndGlobalSection
	GlobalSection(ExtensibilityGlobals) = postSolution
		SolutionGuid = {0A422C7F-AAF2-496A-AAD2-E4826C3759BC}
	EndGlobalSection
EndGlobal
